// !$*UTF8*$!
{
	archiveVersion = 1;
	classes = {
	};
	objectVersion = 51;
	objects = {

/* Begin PBXBuildFile section */
		55AD5F1007541BDB2B78C4A4 /* Pods_instagram_laurenUITests.framework in Frameworks */ = {isa = PBXBuildFile; fileRef = 62F854C1954CEE50388FBE32 /* Pods_instagram_laurenUITests.framework */; };
		5A97D270CA2035DF4A799C0D /* Pods_instagram_laurenTests.framework in Frameworks */ = {isa = PBXBuildFile; fileRef = 5D9C7A911D4E7F1370593685 /* Pods_instagram_laurenTests.framework */; };
		973E92F422D67ACC00197854 /* Post.m in Sources */ = {isa = PBXBuildFile; fileRef = 973E92F322D67ACC00197854 /* Post.m */; };
		973E92F722D6942200197854 /* PostViewController.m in Sources */ = {isa = PBXBuildFile; fileRef = 973E92F622D6942200197854 /* PostViewController.m */; };
		97439E5922D7DFA600F2D818 /* DetailsViewController.m in Sources */ = {isa = PBXBuildFile; fileRef = 97439E5822D7DFA600F2D818 /* DetailsViewController.m */; };
		97439E5B22D7EE7C00F2D818 /* icons8-heart-50.png in Resources */ = {isa = PBXBuildFile; fileRef = 97439E5A22D7EE7C00F2D818 /* icons8-heart-50.png */; };
		97439E5D22D7EED000F2D818 /* icons8-topic-50.png in Resources */ = {isa = PBXBuildFile; fileRef = 97439E5C22D7EED000F2D818 /* icons8-topic-50.png */; };
		97439E5F22D7EF0700F2D818 /* icons8-paper-plane-50.png in Resources */ = {isa = PBXBuildFile; fileRef = 97439E5E22D7EF0700F2D818 /* icons8-paper-plane-50.png */; };
		975D465922D3FD0000BC25CC /* AppDelegate.m in Sources */ = {isa = PBXBuildFile; fileRef = 975D465822D3FD0000BC25CC /* AppDelegate.m */; };
		975D465C22D3FD0000BC25CC /* ViewController.m in Sources */ = {isa = PBXBuildFile; fileRef = 975D465B22D3FD0000BC25CC /* ViewController.m */; };
		975D465F22D3FD0000BC25CC /* Main.storyboard in Resources */ = {isa = PBXBuildFile; fileRef = 975D465D22D3FD0000BC25CC /* Main.storyboard */; };
		975D466122D3FD0100BC25CC /* Assets.xcassets in Resources */ = {isa = PBXBuildFile; fileRef = 975D466022D3FD0100BC25CC /* Assets.xcassets */; };
		975D466422D3FD0100BC25CC /* LaunchScreen.storyboard in Resources */ = {isa = PBXBuildFile; fileRef = 975D466222D3FD0100BC25CC /* LaunchScreen.storyboard */; };
		975D466722D3FD0100BC25CC /* main.m in Sources */ = {isa = PBXBuildFile; fileRef = 975D466622D3FD0100BC25CC /* main.m */; };
		975D467122D3FD0100BC25CC /* instagram_laurenTests.m in Sources */ = {isa = PBXBuildFile; fileRef = 975D467022D3FD0100BC25CC /* instagram_laurenTests.m */; };
		975D467C22D3FD0100BC25CC /* instagram_laurenUITests.m in Sources */ = {isa = PBXBuildFile; fileRef = 975D467B22D3FD0100BC25CC /* instagram_laurenUITests.m */; };
		97B026BC22D7AD0B00FCAB8A /* PostCell.m in Sources */ = {isa = PBXBuildFile; fileRef = 97B026BA22D7AD0B00FCAB8A /* PostCell.m */; };
		97E77EF922D795FA0073E1EB /* HomeScreenViewController.m in Sources */ = {isa = PBXBuildFile; fileRef = 97E77EF822D795FA0073E1EB /* HomeScreenViewController.m */; };
		C05075EF9B6A3417B2A6A597 /* Pods_instagram_lauren.framework in Frameworks */ = {isa = PBXBuildFile; fileRef = 7D540A8584D5C95FC175AAA5 /* Pods_instagram_lauren.framework */; };
/* End PBXBuildFile section */

/* Begin PBXContainerItemProxy section */
		975D466D22D3FD0100BC25CC /* PBXContainerItemProxy */ = {
			isa = PBXContainerItemProxy;
			containerPortal = 975D464C22D3FD0000BC25CC /* Project object */;
			proxyType = 1;
			remoteGlobalIDString = 975D465322D3FD0000BC25CC;
			remoteInfo = "instagram-lauren";
		};
		975D467822D3FD0100BC25CC /* PBXContainerItemProxy */ = {
			isa = PBXContainerItemProxy;
			containerPortal = 975D464C22D3FD0000BC25CC /* Project object */;
			proxyType = 1;
			remoteGlobalIDString = 975D465322D3FD0000BC25CC;
			remoteInfo = "instagram-lauren";
		};
/* End PBXContainerItemProxy section */

/* Begin PBXFileReference section */
		0536B40BE267573FA0155FB7 /* Pods-instagram-laurenTests.release.xcconfig */ = {isa = PBXFileReference; includeInIndex = 1; lastKnownFileType = text.xcconfig; name = "Pods-instagram-laurenTests.release.xcconfig"; path = "Target Support Files/Pods-instagram-laurenTests/Pods-instagram-laurenTests.release.xcconfig"; sourceTree = "<group>"; };
		3879F00D0A92E2D9255936A4 /* Pods-instagram-laurenUITests.release.xcconfig */ = {isa = PBXFileReference; includeInIndex = 1; lastKnownFileType = text.xcconfig; name = "Pods-instagram-laurenUITests.release.xcconfig"; path = "Target Support Files/Pods-instagram-laurenUITests/Pods-instagram-laurenUITests.release.xcconfig"; sourceTree = "<group>"; };
		3ED2FBE636A2E52C9502720C /* Pods-instagram-laurenUITests.debug.xcconfig */ = {isa = PBXFileReference; includeInIndex = 1; lastKnownFileType = text.xcconfig; name = "Pods-instagram-laurenUITests.debug.xcconfig"; path = "Target Support Files/Pods-instagram-laurenUITests/Pods-instagram-laurenUITests.debug.xcconfig"; sourceTree = "<group>"; };
		5D9C7A911D4E7F1370593685 /* Pods_instagram_laurenTests.framework */ = {isa = PBXFileReference; explicitFileType = wrapper.framework; includeInIndex = 0; path = Pods_instagram_laurenTests.framework; sourceTree = BUILT_PRODUCTS_DIR; };
		62F854C1954CEE50388FBE32 /* Pods_instagram_laurenUITests.framework */ = {isa = PBXFileReference; explicitFileType = wrapper.framework; includeInIndex = 0; path = Pods_instagram_laurenUITests.framework; sourceTree = BUILT_PRODUCTS_DIR; };
		6955A39B8AA410ACD403B182 /* Pods-instagram-laurenTests.debug.xcconfig */ = {isa = PBXFileReference; includeInIndex = 1; lastKnownFileType = text.xcconfig; name = "Pods-instagram-laurenTests.debug.xcconfig"; path = "Target Support Files/Pods-instagram-laurenTests/Pods-instagram-laurenTests.debug.xcconfig"; sourceTree = "<group>"; };
		7C6E32D26DD3F3D4AA46C82E /* Pods-instagram-lauren.release.xcconfig */ = {isa = PBXFileReference; includeInIndex = 1; lastKnownFileType = text.xcconfig; name = "Pods-instagram-lauren.release.xcconfig"; path = "Target Support Files/Pods-instagram-lauren/Pods-instagram-lauren.release.xcconfig"; sourceTree = "<group>"; };
		7D540A8584D5C95FC175AAA5 /* Pods_instagram_lauren.framework */ = {isa = PBXFileReference; explicitFileType = wrapper.framework; includeInIndex = 0; path = Pods_instagram_lauren.framework; sourceTree = BUILT_PRODUCTS_DIR; };
		973E92F222D67ACC00197854 /* Post.h */ = {isa = PBXFileReference; lastKnownFileType = sourcecode.c.h; path = Post.h; sourceTree = "<group>"; };
		973E92F322D67ACC00197854 /* Post.m */ = {isa = PBXFileReference; lastKnownFileType = sourcecode.c.objc; path = Post.m; sourceTree = "<group>"; };
		973E92F522D6942200197854 /* PostViewController.h */ = {isa = PBXFileReference; lastKnownFileType = sourcecode.c.h; path = PostViewController.h; sourceTree = "<group>"; };
		973E92F622D6942200197854 /* PostViewController.m */ = {isa = PBXFileReference; lastKnownFileType = sourcecode.c.objc; path = PostViewController.m; sourceTree = "<group>"; };
		97439E5722D7DFA600F2D818 /* DetailsViewController.h */ = {isa = PBXFileReference; lastKnownFileType = sourcecode.c.h; path = DetailsViewController.h; sourceTree = "<group>"; };
		97439E5822D7DFA600F2D818 /* DetailsViewController.m */ = {isa = PBXFileReference; lastKnownFileType = sourcecode.c.objc; path = DetailsViewController.m; sourceTree = "<group>"; };
		97439E5A22D7EE7C00F2D818 /* icons8-heart-50.png */ = {isa = PBXFileReference; lastKnownFileType = image.png; name = "icons8-heart-50.png"; path = "../../../Downloads/icons8-heart-50.png"; sourceTree = "<group>"; };
		97439E5C22D7EED000F2D818 /* icons8-topic-50.png */ = {isa = PBXFileReference; lastKnownFileType = image.png; name = "icons8-topic-50.png"; path = "../../../Downloads/icons8-topic-50.png"; sourceTree = "<group>"; };
		97439E5E22D7EF0700F2D818 /* icons8-paper-plane-50.png */ = {isa = PBXFileReference; lastKnownFileType = image.png; name = "icons8-paper-plane-50.png"; path = "../../../Downloads/icons8-paper-plane-50.png"; sourceTree = "<group>"; };
		975D465422D3FD0000BC25CC /* instagram-lauren.app */ = {isa = PBXFileReference; explicitFileType = wrapper.application; includeInIndex = 0; path = "instagram-lauren.app"; sourceTree = BUILT_PRODUCTS_DIR; };
		975D465722D3FD0000BC25CC /* AppDelegate.h */ = {isa = PBXFileReference; lastKnownFileType = sourcecode.c.h; path = AppDelegate.h; sourceTree = "<group>"; };
		975D465822D3FD0000BC25CC /* AppDelegate.m */ = {isa = PBXFileReference; lastKnownFileType = sourcecode.c.objc; path = AppDelegate.m; sourceTree = "<group>"; };
		975D465A22D3FD0000BC25CC /* ViewController.h */ = {isa = PBXFileReference; lastKnownFileType = sourcecode.c.h; path = ViewController.h; sourceTree = "<group>"; };
		975D465B22D3FD0000BC25CC /* ViewController.m */ = {isa = PBXFileReference; lastKnownFileType = sourcecode.c.objc; path = ViewController.m; sourceTree = "<group>"; };
		975D465E22D3FD0000BC25CC /* Base */ = {isa = PBXFileReference; lastKnownFileType = file.storyboard; name = Base; path = Base.lproj/Main.storyboard; sourceTree = "<group>"; };
		975D466022D3FD0100BC25CC /* Assets.xcassets */ = {isa = PBXFileReference; lastKnownFileType = folder.assetcatalog; path = Assets.xcassets; sourceTree = "<group>"; };
		975D466322D3FD0100BC25CC /* Base */ = {isa = PBXFileReference; lastKnownFileType = file.storyboard; name = Base; path = Base.lproj/LaunchScreen.storyboard; sourceTree = "<group>"; };
		975D466522D3FD0100BC25CC /* Info.plist */ = {isa = PBXFileReference; lastKnownFileType = text.plist.xml; path = Info.plist; sourceTree = "<group>"; };
		975D466622D3FD0100BC25CC /* main.m */ = {isa = PBXFileReference; lastKnownFileType = sourcecode.c.objc; path = main.m; sourceTree = "<group>"; };
		975D466C22D3FD0100BC25CC /* instagram-laurenTests.xctest */ = {isa = PBXFileReference; explicitFileType = wrapper.cfbundle; includeInIndex = 0; path = "instagram-laurenTests.xctest"; sourceTree = BUILT_PRODUCTS_DIR; };
		975D467022D3FD0100BC25CC /* instagram_laurenTests.m */ = {isa = PBXFileReference; lastKnownFileType = sourcecode.c.objc; path = instagram_laurenTests.m; sourceTree = "<group>"; };
		975D467222D3FD0100BC25CC /* Info.plist */ = {isa = PBXFileReference; lastKnownFileType = text.plist.xml; path = Info.plist; sourceTree = "<group>"; };
		975D467722D3FD0100BC25CC /* instagram-laurenUITests.xctest */ = {isa = PBXFileReference; explicitFileType = wrapper.cfbundle; includeInIndex = 0; path = "instagram-laurenUITests.xctest"; sourceTree = BUILT_PRODUCTS_DIR; };
		975D467B22D3FD0100BC25CC /* instagram_laurenUITests.m */ = {isa = PBXFileReference; lastKnownFileType = sourcecode.c.objc; path = instagram_laurenUITests.m; sourceTree = "<group>"; };
		975D467D22D3FD0100BC25CC /* Info.plist */ = {isa = PBXFileReference; lastKnownFileType = text.plist.xml; path = Info.plist; sourceTree = "<group>"; };
		97B026BA22D7AD0B00FCAB8A /* PostCell.m */ = {isa = PBXFileReference; fileEncoding = 4; lastKnownFileType = sourcecode.c.objc; path = PostCell.m; sourceTree = "<group>"; };
		97B026BB22D7AD0B00FCAB8A /* PostCell.h */ = {isa = PBXFileReference; fileEncoding = 4; lastKnownFileType = sourcecode.c.h; path = PostCell.h; sourceTree = "<group>"; };
		97E77EF722D795FA0073E1EB /* HomeScreenViewController.h */ = {isa = PBXFileReference; lastKnownFileType = sourcecode.c.h; path = HomeScreenViewController.h; sourceTree = "<group>"; };
		97E77EF822D795FA0073E1EB /* HomeScreenViewController.m */ = {isa = PBXFileReference; lastKnownFileType = sourcecode.c.objc; path = HomeScreenViewController.m; sourceTree = "<group>"; };
		CA73542C8407B5C76266FEA8 /* Pods-instagram-lauren.debug.xcconfig */ = {isa = PBXFileReference; includeInIndex = 1; lastKnownFileType = text.xcconfig; name = "Pods-instagram-lauren.debug.xcconfig"; path = "Target Support Files/Pods-instagram-lauren/Pods-instagram-lauren.debug.xcconfig"; sourceTree = "<group>"; };
/* End PBXFileReference section */

/* Begin PBXFrameworksBuildPhase section */
		975D465122D3FD0000BC25CC /* Frameworks */ = {
			isa = PBXFrameworksBuildPhase;
			buildActionMask = 2147483647;
			files = (
				C05075EF9B6A3417B2A6A597 /* Pods_instagram_lauren.framework in Frameworks */,
			);
			runOnlyForDeploymentPostprocessing = 0;
		};
		975D466922D3FD0100BC25CC /* Frameworks */ = {
			isa = PBXFrameworksBuildPhase;
			buildActionMask = 2147483647;
			files = (
				5A97D270CA2035DF4A799C0D /* Pods_instagram_laurenTests.framework in Frameworks */,
			);
			runOnlyForDeploymentPostprocessing = 0;
		};
		975D467422D3FD0100BC25CC /* Frameworks */ = {
			isa = PBXFrameworksBuildPhase;
			buildActionMask = 2147483647;
			files = (
				55AD5F1007541BDB2B78C4A4 /* Pods_instagram_laurenUITests.framework in Frameworks */,
			);
			runOnlyForDeploymentPostprocessing = 0;
		};
/* End PBXFrameworksBuildPhase section */

/* Begin PBXGroup section */
		8EBB3D72B63AFDA866410044 /* Frameworks */ = {
			isa = PBXGroup;
			children = (
				7D540A8584D5C95FC175AAA5 /* Pods_instagram_lauren.framework */,
				5D9C7A911D4E7F1370593685 /* Pods_instagram_laurenTests.framework */,
				62F854C1954CEE50388FBE32 /* Pods_instagram_laurenUITests.framework */,
			);
			name = Frameworks;
			sourceTree = "<group>";
		};
		973E92FF22D6FE6C00197854 /* Models */ = {
			isa = PBXGroup;
			children = (
				973E92F222D67ACC00197854 /* Post.h */,
				973E92F322D67ACC00197854 /* Post.m */,
			);
			path = Models;
			sourceTree = "<group>";
		};
		973E930022D6FE7F00197854 /* Views */ = {
			isa = PBXGroup;
			children = (
				97B026BB22D7AD0B00FCAB8A /* PostCell.h */,
				97B026BA22D7AD0B00FCAB8A /* PostCell.m */,
			);
			path = Views;
			sourceTree = "<group>";
		};
		975D464B22D3FD0000BC25CC = {
			isa = PBXGroup;
			children = (
				975D465622D3FD0000BC25CC /* instagram-lauren */,
				975D466F22D3FD0100BC25CC /* instagram-laurenTests */,
				975D467A22D3FD0100BC25CC /* instagram-laurenUITests */,
				975D465522D3FD0000BC25CC /* Products */,
				EB6D6D1080E8F07EAE6A2A21 /* Pods */,
				8EBB3D72B63AFDA866410044 /* Frameworks */,
			);
			sourceTree = "<group>";
		};
		975D465522D3FD0000BC25CC /* Products */ = {
			isa = PBXGroup;
			children = (
				975D465422D3FD0000BC25CC /* instagram-lauren.app */,
				975D466C22D3FD0100BC25CC /* instagram-laurenTests.xctest */,
				975D467722D3FD0100BC25CC /* instagram-laurenUITests.xctest */,
			);
			name = Products;
			sourceTree = "<group>";
		};
		975D465622D3FD0000BC25CC /* instagram-lauren */ = {
			isa = PBXGroup;
			children = (
				9767597E22D4187A00C0EB64 /* View Controllers */,
				973E930022D6FE7F00197854 /* Views */,
				973E92FF22D6FE6C00197854 /* Models */,
				975D465722D3FD0000BC25CC /* AppDelegate.h */,
				975D465822D3FD0000BC25CC /* AppDelegate.m */,
				975D465D22D3FD0000BC25CC /* Main.storyboard */,
				97439E5E22D7EF0700F2D818 /* icons8-paper-plane-50.png */,
				97439E5A22D7EE7C00F2D818 /* icons8-heart-50.png */,
				97439E5C22D7EED000F2D818 /* icons8-topic-50.png */,
				975D466022D3FD0100BC25CC /* Assets.xcassets */,
				975D466222D3FD0100BC25CC /* LaunchScreen.storyboard */,
				975D466522D3FD0100BC25CC /* Info.plist */,
				975D466622D3FD0100BC25CC /* main.m */,
			);
			path = "instagram-lauren";
			sourceTree = "<group>";
		};
		975D466F22D3FD0100BC25CC /* instagram-laurenTests */ = {
			isa = PBXGroup;
			children = (
				975D467022D3FD0100BC25CC /* instagram_laurenTests.m */,
				975D467222D3FD0100BC25CC /* Info.plist */,
			);
			path = "instagram-laurenTests";
			sourceTree = "<group>";
		};
		975D467A22D3FD0100BC25CC /* instagram-laurenUITests */ = {
			isa = PBXGroup;
			children = (
				975D467B22D3FD0100BC25CC /* instagram_laurenUITests.m */,
				975D467D22D3FD0100BC25CC /* Info.plist */,
			);
			path = "instagram-laurenUITests";
			sourceTree = "<group>";
		};
		9767597E22D4187A00C0EB64 /* View Controllers */ = {
			isa = PBXGroup;
			children = (
				975D465A22D3FD0000BC25CC /* ViewController.h */,
				975D465B22D3FD0000BC25CC /* ViewController.m */,
				973E92F522D6942200197854 /* PostViewController.h */,
				973E92F622D6942200197854 /* PostViewController.m */,
				97E77EF722D795FA0073E1EB /* HomeScreenViewController.h */,
				97E77EF822D795FA0073E1EB /* HomeScreenViewController.m */,
				97439E5722D7DFA600F2D818 /* DetailsViewController.h */,
				97439E5822D7DFA600F2D818 /* DetailsViewController.m */,
			);
			path = "View Controllers";
			sourceTree = "<group>";
		};
		EB6D6D1080E8F07EAE6A2A21 /* Pods */ = {
			isa = PBXGroup;
			children = (
				CA73542C8407B5C76266FEA8 /* Pods-instagram-lauren.debug.xcconfig */,
				7C6E32D26DD3F3D4AA46C82E /* Pods-instagram-lauren.release.xcconfig */,
				6955A39B8AA410ACD403B182 /* Pods-instagram-laurenTests.debug.xcconfig */,
				0536B40BE267573FA0155FB7 /* Pods-instagram-laurenTests.release.xcconfig */,
				3ED2FBE636A2E52C9502720C /* Pods-instagram-laurenUITests.debug.xcconfig */,
				3879F00D0A92E2D9255936A4 /* Pods-instagram-laurenUITests.release.xcconfig */,
			);
			path = Pods;
			sourceTree = "<group>";
		};
/* End PBXGroup section */

/* Begin PBXNativeTarget section */
		975D465322D3FD0000BC25CC /* instagram-lauren */ = {
			isa = PBXNativeTarget;
			buildConfigurationList = 975D468022D3FD0100BC25CC /* Build configuration list for PBXNativeTarget "instagram-lauren" */;
			buildPhases = (
				AE0FFF7E2983832D328A3209 /* [CP] Check Pods Manifest.lock */,
				975D465022D3FD0000BC25CC /* Sources */,
				975D465122D3FD0000BC25CC /* Frameworks */,
				975D465222D3FD0000BC25CC /* Resources */,
				4D9884E90BC2FB5E4A399B7E /* [CP] Embed Pods Frameworks */,
			);
			buildRules = (
			);
			dependencies = (
			);
			name = "instagram-lauren";
			productName = "instagram-lauren";
			productReference = 975D465422D3FD0000BC25CC /* instagram-lauren.app */;
			productType = "com.apple.product-type.application";
		};
		975D466B22D3FD0100BC25CC /* instagram-laurenTests */ = {
			isa = PBXNativeTarget;
			buildConfigurationList = 975D468322D3FD0100BC25CC /* Build configuration list for PBXNativeTarget "instagram-laurenTests" */;
			buildPhases = (
				86B42E4E90D7ED05B9B1E2D4 /* [CP] Check Pods Manifest.lock */,
				975D466822D3FD0100BC25CC /* Sources */,
				975D466922D3FD0100BC25CC /* Frameworks */,
				975D466A22D3FD0100BC25CC /* Resources */,
			);
			buildRules = (
			);
			dependencies = (
				975D466E22D3FD0100BC25CC /* PBXTargetDependency */,
			);
			name = "instagram-laurenTests";
			productName = "instagram-laurenTests";
			productReference = 975D466C22D3FD0100BC25CC /* instagram-laurenTests.xctest */;
			productType = "com.apple.product-type.bundle.unit-test";
		};
		975D467622D3FD0100BC25CC /* instagram-laurenUITests */ = {
			isa = PBXNativeTarget;
			buildConfigurationList = 975D468622D3FD0100BC25CC /* Build configuration list for PBXNativeTarget "instagram-laurenUITests" */;
			buildPhases = (
				5D6C6BDFDEB3B93D1948C81F /* [CP] Check Pods Manifest.lock */,
				975D467322D3FD0100BC25CC /* Sources */,
				975D467422D3FD0100BC25CC /* Frameworks */,
				975D467522D3FD0100BC25CC /* Resources */,
			);
			buildRules = (
			);
			dependencies = (
				975D467922D3FD0100BC25CC /* PBXTargetDependency */,
			);
			name = "instagram-laurenUITests";
			productName = "instagram-laurenUITests";
			productReference = 975D467722D3FD0100BC25CC /* instagram-laurenUITests.xctest */;
			productType = "com.apple.product-type.bundle.ui-testing";
		};
/* End PBXNativeTarget section */

/* Begin PBXProject section */
		975D464C22D3FD0000BC25CC /* Project object */ = {
			isa = PBXProject;
			attributes = {
				LastUpgradeCheck = 1020;
				ORGANIZATIONNAME = codepath;
				TargetAttributes = {
					975D465322D3FD0000BC25CC = {
						CreatedOnToolsVersion = 10.2.1;
					};
					975D466B22D3FD0100BC25CC = {
						CreatedOnToolsVersion = 10.2.1;
						TestTargetID = 975D465322D3FD0000BC25CC;
					};
					975D467622D3FD0100BC25CC = {
						CreatedOnToolsVersion = 10.2.1;
						TestTargetID = 975D465322D3FD0000BC25CC;
					};
				};
			};
			buildConfigurationList = 975D464F22D3FD0000BC25CC /* Build configuration list for PBXProject "instagram-lauren" */;
			compatibilityVersion = "Xcode 9.3";
			developmentRegion = en;
			hasScannedForEncodings = 0;
			knownRegions = (
				en,
				Base,
			);
			mainGroup = 975D464B22D3FD0000BC25CC;
			productRefGroup = 975D465522D3FD0000BC25CC /* Products */;
			projectDirPath = "";
			projectRoot = "";
			targets = (
				975D465322D3FD0000BC25CC /* instagram-lauren */,
				975D466B22D3FD0100BC25CC /* instagram-laurenTests */,
				975D467622D3FD0100BC25CC /* instagram-laurenUITests */,
			);
		};
/* End PBXProject section */

/* Begin PBXResourcesBuildPhase section */
		975D465222D3FD0000BC25CC /* Resources */ = {
			isa = PBXResourcesBuildPhase;
			buildActionMask = 2147483647;
			files = (
				97439E5F22D7EF0700F2D818 /* icons8-paper-plane-50.png in Resources */,
				975D466422D3FD0100BC25CC /* LaunchScreen.storyboard in Resources */,
				97439E5B22D7EE7C00F2D818 /* icons8-heart-50.png in Resources */,
				975D466122D3FD0100BC25CC /* Assets.xcassets in Resources */,
				97439E5D22D7EED000F2D818 /* icons8-topic-50.png in Resources */,
				975D465F22D3FD0000BC25CC /* Main.storyboard in Resources */,
			);
			runOnlyForDeploymentPostprocessing = 0;
		};
		975D466A22D3FD0100BC25CC /* Resources */ = {
			isa = PBXResourcesBuildPhase;
			buildActionMask = 2147483647;
			files = (
			);
			runOnlyForDeploymentPostprocessing = 0;
		};
		975D467522D3FD0100BC25CC /* Resources */ = {
			isa = PBXResourcesBuildPhase;
			buildActionMask = 2147483647;
			files = (
			);
			runOnlyForDeploymentPostprocessing = 0;
		};
/* End PBXResourcesBuildPhase section */

/* Begin PBXShellScriptBuildPhase section */
		4D9884E90BC2FB5E4A399B7E /* [CP] Embed Pods Frameworks */ = {
			isa = PBXShellScriptBuildPhase;
			buildActionMask = 2147483647;
			files = (
			);
			inputFileListPaths = (
				"${PODS_ROOT}/Target Support Files/Pods-instagram-lauren/Pods-instagram-lauren-frameworks-${CONFIGURATION}-input-files.xcfilelist",
			);
			name = "[CP] Embed Pods Frameworks";
			outputFileListPaths = (
				"${PODS_ROOT}/Target Support Files/Pods-instagram-lauren/Pods-instagram-lauren-frameworks-${CONFIGURATION}-output-files.xcfilelist",
			);
			runOnlyForDeploymentPostprocessing = 0;
			shellPath = /bin/sh;
			shellScript = "\"${PODS_ROOT}/Target Support Files/Pods-instagram-lauren/Pods-instagram-lauren-frameworks.sh\"\n";
			showEnvVarsInLog = 0;
		};
		5D6C6BDFDEB3B93D1948C81F /* [CP] Check Pods Manifest.lock */ = {
			isa = PBXShellScriptBuildPhase;
			buildActionMask = 2147483647;
			files = (
			);
			inputFileListPaths = (
			);
			inputPaths = (
				"${PODS_PODFILE_DIR_PATH}/Podfile.lock",
				"${PODS_ROOT}/Manifest.lock",
			);
			name = "[CP] Check Pods Manifest.lock";
			outputFileListPaths = (
			);
			outputPaths = (
				"$(DERIVED_FILE_DIR)/Pods-instagram-laurenUITests-checkManifestLockResult.txt",
			);
			runOnlyForDeploymentPostprocessing = 0;
			shellPath = /bin/sh;
			shellScript = "diff \"${PODS_PODFILE_DIR_PATH}/Podfile.lock\" \"${PODS_ROOT}/Manifest.lock\" > /dev/null\nif [ $? != 0 ] ; then\n    # print error to STDERR\n    echo \"error: The sandbox is not in sync with the Podfile.lock. Run 'pod install' or update your CocoaPods installation.\" >&2\n    exit 1\nfi\n# This output is used by Xcode 'outputs' to avoid re-running this script phase.\necho \"SUCCESS\" > \"${SCRIPT_OUTPUT_FILE_0}\"\n";
			showEnvVarsInLog = 0;
		};
		86B42E4E90D7ED05B9B1E2D4 /* [CP] Check Pods Manifest.lock */ = {
			isa = PBXShellScriptBuildPhase;
			buildActionMask = 2147483647;
			files = (
			);
			inputFileListPaths = (
			);
			inputPaths = (
				"${PODS_PODFILE_DIR_PATH}/Podfile.lock",
				"${PODS_ROOT}/Manifest.lock",
			);
			name = "[CP] Check Pods Manifest.lock";
			outputFileListPaths = (
			);
			outputPaths = (
				"$(DERIVED_FILE_DIR)/Pods-instagram-laurenTests-checkManifestLockResult.txt",
			);
			runOnlyForDeploymentPostprocessing = 0;
			shellPath = /bin/sh;
			shellScript = "diff \"${PODS_PODFILE_DIR_PATH}/Podfile.lock\" \"${PODS_ROOT}/Manifest.lock\" > /dev/null\nif [ $? != 0 ] ; then\n    # print error to STDERR\n    echo \"error: The sandbox is not in sync with the Podfile.lock. Run 'pod install' or update your CocoaPods installation.\" >&2\n    exit 1\nfi\n# This output is used by Xcode 'outputs' to avoid re-running this script phase.\necho \"SUCCESS\" > \"${SCRIPT_OUTPUT_FILE_0}\"\n";
			showEnvVarsInLog = 0;
		};
		AE0FFF7E2983832D328A3209 /* [CP] Check Pods Manifest.lock */ = {
			isa = PBXShellScriptBuildPhase;
			buildActionMask = 2147483647;
			files = (
			);
			inputFileListPaths = (
			);
			inputPaths = (
				"${PODS_PODFILE_DIR_PATH}/Podfile.lock",
				"${PODS_ROOT}/Manifest.lock",
			);
			name = "[CP] Check Pods Manifest.lock";
			outputFileListPaths = (
			);
			outputPaths = (
				"$(DERIVED_FILE_DIR)/Pods-instagram-lauren-checkManifestLockResult.txt",
			);
			runOnlyForDeploymentPostprocessing = 0;
			shellPath = /bin/sh;
			shellScript = "diff \"${PODS_PODFILE_DIR_PATH}/Podfile.lock\" \"${PODS_ROOT}/Manifest.lock\" > /dev/null\nif [ $? != 0 ] ; then\n    # print error to STDERR\n    echo \"error: The sandbox is not in sync with the Podfile.lock. Run 'pod install' or update your CocoaPods installation.\" >&2\n    exit 1\nfi\n# This output is used by Xcode 'outputs' to avoid re-running this script phase.\necho \"SUCCESS\" > \"${SCRIPT_OUTPUT_FILE_0}\"\n";
			showEnvVarsInLog = 0;
		};
/* End PBXShellScriptBuildPhase section */

/* Begin PBXSourcesBuildPhase section */
		975D465022D3FD0000BC25CC /* Sources */ = {
			isa = PBXSourcesBuildPhase;
			buildActionMask = 2147483647;
			files = (
				973E92F422D67ACC00197854 /* Post.m in Sources */,
				975D465C22D3FD0000BC25CC /* ViewController.m in Sources */,
				975D466722D3FD0100BC25CC /* main.m in Sources */,
				973E92F722D6942200197854 /* PostViewController.m in Sources */,
				97B026BC22D7AD0B00FCAB8A /* PostCell.m in Sources */,
				975D465922D3FD0000BC25CC /* AppDelegate.m in Sources */,
				97E77EF922D795FA0073E1EB /* HomeScreenViewController.m in Sources */,
				97439E5922D7DFA600F2D818 /* DetailsViewController.m in Sources */,
			);
			runOnlyForDeploymentPostprocessing = 0;
		};
		975D466822D3FD0100BC25CC /* Sources */ = {
			isa = PBXSourcesBuildPhase;
			buildActionMask = 2147483647;
			files = (
				975D467122D3FD0100BC25CC /* instagram_laurenTests.m in Sources */,
			);
			runOnlyForDeploymentPostprocessing = 0;
		};
		975D467322D3FD0100BC25CC /* Sources */ = {
			isa = PBXSourcesBuildPhase;
			buildActionMask = 2147483647;
			files = (
				975D467C22D3FD0100BC25CC /* instagram_laurenUITests.m in Sources */,
			);
			runOnlyForDeploymentPostprocessing = 0;
		};
/* End PBXSourcesBuildPhase section */

/* Begin PBXTargetDependency section */
		975D466E22D3FD0100BC25CC /* PBXTargetDependency */ = {
			isa = PBXTargetDependency;
			target = 975D465322D3FD0000BC25CC /* instagram-lauren */;
			targetProxy = 975D466D22D3FD0100BC25CC /* PBXContainerItemProxy */;
		};
		975D467922D3FD0100BC25CC /* PBXTargetDependency */ = {
			isa = PBXTargetDependency;
			target = 975D465322D3FD0000BC25CC /* instagram-lauren */;
			targetProxy = 975D467822D3FD0100BC25CC /* PBXContainerItemProxy */;
		};
/* End PBXTargetDependency section */

/* Begin PBXVariantGroup section */
		975D465D22D3FD0000BC25CC /* Main.storyboard */ = {
			isa = PBXVariantGroup;
			children = (
				975D465E22D3FD0000BC25CC /* Base */,
			);
			name = Main.storyboard;
			sourceTree = "<group>";
		};
		975D466222D3FD0100BC25CC /* LaunchScreen.storyboard */ = {
			isa = PBXVariantGroup;
			children = (
				975D466322D3FD0100BC25CC /* Base */,
			);
			name = LaunchScreen.storyboard;
			sourceTree = "<group>";
		};
/* End PBXVariantGroup section */

/* Begin XCBuildConfiguration section */
		975D467E22D3FD0100BC25CC /* Debug */ = {
			isa = XCBuildConfiguration;
			buildSettings = {
				ALWAYS_SEARCH_USER_PATHS = NO;
				CLANG_ANALYZER_NONNULL = YES;
				CLANG_ANALYZER_NUMBER_OBJECT_CONVERSION = YES_AGGRESSIVE;
				CLANG_CXX_LANGUAGE_STANDARD = "gnu++14";
				CLANG_CXX_LIBRARY = "libc++";
				CLANG_ENABLE_MODULES = YES;
				CLANG_ENABLE_OBJC_ARC = YES;
				CLANG_ENABLE_OBJC_WEAK = YES;
				CLANG_WARN_BLOCK_CAPTURE_AUTORELEASING = YES;
				CLANG_WARN_BOOL_CONVERSION = YES;
				CLANG_WARN_COMMA = YES;
				CLANG_WARN_CONSTANT_CONVERSION = YES;
				CLANG_WARN_DEPRECATED_OBJC_IMPLEMENTATIONS = YES;
				CLANG_WARN_DIRECT_OBJC_ISA_USAGE = YES_ERROR;
				CLANG_WARN_DOCUMENTATION_COMMENTS = YES;
				CLANG_WARN_EMPTY_BODY = YES;
				CLANG_WARN_ENUM_CONVERSION = YES;
				CLANG_WARN_INFINITE_RECURSION = YES;
				CLANG_WARN_INT_CONVERSION = YES;
				CLANG_WARN_NON_LITERAL_NULL_CONVERSION = YES;
				CLANG_WARN_OBJC_IMPLICIT_RETAIN_SELF = YES;
				CLANG_WARN_OBJC_LITERAL_CONVERSION = YES;
				CLANG_WARN_OBJC_ROOT_CLASS = YES_ERROR;
				CLANG_WARN_RANGE_LOOP_ANALYSIS = YES;
				CLANG_WARN_STRICT_PROTOTYPES = YES;
				CLANG_WARN_SUSPICIOUS_MOVE = YES;
				CLANG_WARN_UNGUARDED_AVAILABILITY = YES_AGGRESSIVE;
				CLANG_WARN_UNREACHABLE_CODE = YES;
				CLANG_WARN__DUPLICATE_METHOD_MATCH = YES;
				CODE_SIGN_IDENTITY = "iPhone Developer";
				COPY_PHASE_STRIP = NO;
				DEBUG_INFORMATION_FORMAT = dwarf;
				ENABLE_STRICT_OBJC_MSGSEND = YES;
				ENABLE_TESTABILITY = YES;
				GCC_C_LANGUAGE_STANDARD = gnu11;
				GCC_DYNAMIC_NO_PIC = NO;
				GCC_NO_COMMON_BLOCKS = YES;
				GCC_OPTIMIZATION_LEVEL = 0;
				GCC_PREPROCESSOR_DEFINITIONS = (
					"DEBUG=1",
					"$(inherited)",
				);
				GCC_WARN_64_TO_32_BIT_CONVERSION = YES;
				GCC_WARN_ABOUT_RETURN_TYPE = YES_ERROR;
				GCC_WARN_UNDECLARED_SELECTOR = YES;
				GCC_WARN_UNINITIALIZED_AUTOS = YES_AGGRESSIVE;
				GCC_WARN_UNUSED_FUNCTION = YES;
				GCC_WARN_UNUSED_VARIABLE = YES;
				IPHONEOS_DEPLOYMENT_TARGET = 12.2;
				MTL_ENABLE_DEBUG_INFO = INCLUDE_SOURCE;
				MTL_FAST_MATH = YES;
				ONLY_ACTIVE_ARCH = YES;
				SDKROOT = iphoneos;
			};
			name = Debug;
		};
		975D467F22D3FD0100BC25CC /* Release */ = {
			isa = XCBuildConfiguration;
			buildSettings = {
				ALWAYS_SEARCH_USER_PATHS = NO;
				CLANG_ANALYZER_NONNULL = YES;
				CLANG_ANALYZER_NUMBER_OBJECT_CONVERSION = YES_AGGRESSIVE;
				CLANG_CXX_LANGUAGE_STANDARD = "gnu++14";
				CLANG_CXX_LIBRARY = "libc++";
				CLANG_ENABLE_MODULES = YES;
				CLANG_ENABLE_OBJC_ARC = YES;
				CLANG_ENABLE_OBJC_WEAK = YES;
				CLANG_WARN_BLOCK_CAPTURE_AUTORELEASING = YES;
				CLANG_WARN_BOOL_CONVERSION = YES;
				CLANG_WARN_COMMA = YES;
				CLANG_WARN_CONSTANT_CONVERSION = YES;
				CLANG_WARN_DEPRECATED_OBJC_IMPLEMENTATIONS = YES;
				CLANG_WARN_DIRECT_OBJC_ISA_USAGE = YES_ERROR;
				CLANG_WARN_DOCUMENTATION_COMMENTS = YES;
				CLANG_WARN_EMPTY_BODY = YES;
				CLANG_WARN_ENUM_CONVERSION = YES;
				CLANG_WARN_INFINITE_RECURSION = YES;
				CLANG_WARN_INT_CONVERSION = YES;
				CLANG_WARN_NON_LITERAL_NULL_CONVERSION = YES;
				CLANG_WARN_OBJC_IMPLICIT_RETAIN_SELF = YES;
				CLANG_WARN_OBJC_LITERAL_CONVERSION = YES;
				CLANG_WARN_OBJC_ROOT_CLASS = YES_ERROR;
				CLANG_WARN_RANGE_LOOP_ANALYSIS = YES;
				CLANG_WARN_STRICT_PROTOTYPES = YES;
				CLANG_WARN_SUSPICIOUS_MOVE = YES;
				CLANG_WARN_UNGUARDED_AVAILABILITY = YES_AGGRESSIVE;
				CLANG_WARN_UNREACHABLE_CODE = YES;
				CLANG_WARN__DUPLICATE_METHOD_MATCH = YES;
				CODE_SIGN_IDENTITY = "iPhone Developer";
				COPY_PHASE_STRIP = NO;
				DEBUG_INFORMATION_FORMAT = "dwarf-with-dsym";
				ENABLE_NS_ASSERTIONS = NO;
				ENABLE_STRICT_OBJC_MSGSEND = YES;
				GCC_C_LANGUAGE_STANDARD = gnu11;
				GCC_NO_COMMON_BLOCKS = YES;
				GCC_WARN_64_TO_32_BIT_CONVERSION = YES;
				GCC_WARN_ABOUT_RETURN_TYPE = YES_ERROR;
				GCC_WARN_UNDECLARED_SELECTOR = YES;
				GCC_WARN_UNINITIALIZED_AUTOS = YES_AGGRESSIVE;
				GCC_WARN_UNUSED_FUNCTION = YES;
				GCC_WARN_UNUSED_VARIABLE = YES;
				IPHONEOS_DEPLOYMENT_TARGET = 12.2;
				MTL_ENABLE_DEBUG_INFO = NO;
				MTL_FAST_MATH = YES;
				SDKROOT = iphoneos;
				VALIDATE_PRODUCT = YES;
			};
			name = Release;
		};
		975D468122D3FD0100BC25CC /* Debug */ = {
			isa = XCBuildConfiguration;
			baseConfigurationReference = CA73542C8407B5C76266FEA8 /* Pods-instagram-lauren.debug.xcconfig */;
			buildSettings = {
				ASSETCATALOG_COMPILER_APPICON_NAME = AppIcon;
				CODE_SIGN_STYLE = Automatic;
				DEVELOPMENT_TEAM = 8674VL4L69;
				INFOPLIST_FILE = "instagram-lauren/Info.plist";
				LD_RUNPATH_SEARCH_PATHS = (
					"$(inherited)",
					"@executable_path/Frameworks",
				);
				PRODUCT_BUNDLE_IDENTIFIER = "com.lauren.ijklm-gmail.com.instagram-lauren";
				PRODUCT_NAME = "$(TARGET_NAME)";
				TARGETED_DEVICE_FAMILY = "1,2";
			};
			name = Debug;
		};
		975D468222D3FD0100BC25CC /* Release */ = {
			isa = XCBuildConfiguration;
			baseConfigurationReference = 7C6E32D26DD3F3D4AA46C82E /* Pods-instagram-lauren.release.xcconfig */;
			buildSettings = {
				ASSETCATALOG_COMPILER_APPICON_NAME = AppIcon;
				CODE_SIGN_STYLE = Automatic;
				DEVELOPMENT_TEAM = 8674VL4L69;
				INFOPLIST_FILE = "instagram-lauren/Info.plist";
				LD_RUNPATH_SEARCH_PATHS = (
					"$(inherited)",
					"@executable_path/Frameworks",
				);
				PRODUCT_BUNDLE_IDENTIFIER = "com.lauren.ijklm-gmail.com.instagram-lauren";
				PRODUCT_NAME = "$(TARGET_NAME)";
				TARGETED_DEVICE_FAMILY = "1,2";
			};
			name = Release;
		};
		975D468422D3FD0100BC25CC /* Debug */ = {
			isa = XCBuildConfiguration;
			baseConfigurationReference = 6955A39B8AA410ACD403B182 /* Pods-instagram-laurenTests.debug.xcconfig */;
			buildSettings = {
				BUNDLE_LOADER = "$(TEST_HOST)";
				CODE_SIGN_STYLE = Automatic;
				DEVELOPMENT_TEAM = 8674VL4L69;
				INFOPLIST_FILE = "instagram-laurenTests/Info.plist";
				LD_RUNPATH_SEARCH_PATHS = (
					"$(inherited)",
					"@executable_path/Frameworks",
					"@loader_path/Frameworks",
				);
				PRODUCT_BUNDLE_IDENTIFIER = "com.lauren.ijklm-gmail.com.instagram-laurenTests";
				PRODUCT_NAME = "$(TARGET_NAME)";
				TARGETED_DEVICE_FAMILY = "1,2";
				TEST_HOST = "$(BUILT_PRODUCTS_DIR)/instagram-lauren.app/instagram-lauren";
			};
			name = Debug;
		};
		975D468522D3FD0100BC25CC /* Release */ = {
			isa = XCBuildConfiguration;
			baseConfigurationReference = 0536B40BE267573FA0155FB7 /* Pods-instagram-laurenTests.release.xcconfig */;
			buildSettings = {
				BUNDLE_LOADER = "$(TEST_HOST)";
				CODE_SIGN_STYLE = Automatic;
				DEVELOPMENT_TEAM = 8674VL4L69;
				INFOPLIST_FILE = "instagram-laurenTests/Info.plist";
				LD_RUNPATH_SEARCH_PATHS = (
					"$(inherited)",
					"@executable_path/Frameworks",
					"@loader_path/Frameworks",
				);
				PRODUCT_BUNDLE_IDENTIFIER = "com.lauren.ijklm-gmail.com.instagram-laurenTests";
				PRODUCT_NAME = "$(TARGET_NAME)";
				TARGETED_DEVICE_FAMILY = "1,2";
				TEST_HOST = "$(BUILT_PRODUCTS_DIR)/instagram-lauren.app/instagram-lauren";
			};
			name = Release;
		};
		975D468722D3FD0100BC25CC /* Debug */ = {
			isa = XCBuildConfiguration;
			baseConfigurationReference = 3ED2FBE636A2E52C9502720C /* Pods-instagram-laurenUITests.debug.xcconfig */;
			buildSettings = {
				CODE_SIGN_STYLE = Automatic;
				DEVELOPMENT_TEAM = 8674VL4L69;
				INFOPLIST_FILE = "instagram-laurenUITests/Info.plist";
				LD_RUNPATH_SEARCH_PATHS = (
					"$(inherited)",
					"@executable_path/Frameworks",
					"@loader_path/Frameworks",
				);
				PRODUCT_BUNDLE_IDENTIFIER = "com.lauren.ijklm-gmail.com.instagram-laurenUITests";
				PRODUCT_NAME = "$(TARGET_NAME)";
				TARGETED_DEVICE_FAMILY = "1,2";
				TEST_TARGET_NAME = "instagram-lauren";
			};
			name = Debug;
		};
		975D468822D3FD0100BC25CC /* Release */ = {
			isa = XCBuildConfiguration;
			baseConfigurationReference = 3879F00D0A92E2D9255936A4 /* Pods-instagram-laurenUITests.release.xcconfig */;
			buildSettings = {
				CODE_SIGN_STYLE = Automatic;
				DEVELOPMENT_TEAM = 8674VL4L69;
				INFOPLIST_FILE = "instagram-laurenUITests/Info.plist";
				LD_RUNPATH_SEARCH_PATHS = (
					"$(inherited)",
					"@executable_path/Frameworks",
					"@loader_path/Frameworks",
				);
				PRODUCT_BUNDLE_IDENTIFIER = "com.lauren.ijklm-gmail.com.instagram-laurenUITests";
				PRODUCT_NAME = "$(TARGET_NAME)";
				TARGETED_DEVICE_FAMILY = "1,2";
				TEST_TARGET_NAME = "instagram-lauren";
			};
			name = Release;
		};
/* End XCBuildConfiguration section */

/* Begin XCConfigurationList section */
		975D464F22D3FD0000BC25CC /* Build configuration list for PBXProject "instagram-lauren" */ = {
			isa = XCConfigurationList;
			buildConfigurations = (
				975D467E22D3FD0100BC25CC /* Debug */,
				975D467F22D3FD0100BC25CC /* Release */,
			);
			defaultConfigurationIsVisible = 0;
			defaultConfigurationName = Release;
		};
		975D468022D3FD0100BC25CC /* Build configuration list for PBXNativeTarget "instagram-lauren" */ = {
			isa = XCConfigurationList;
			buildConfigurations = (
				975D468122D3FD0100BC25CC /* Debug */,
				975D468222D3FD0100BC25CC /* Release */,
			);
			defaultConfigurationIsVisible = 0;
			defaultConfigurationName = Release;
		};
		975D468322D3FD0100BC25CC /* Build configuration list for PBXNativeTarget "instagram-laurenTests" */ = {
			isa = XCConfigurationList;
			buildConfigurations = (
				975D468422D3FD0100BC25CC /* Debug */,
				975D468522D3FD0100BC25CC /* Release */,
			);
			defaultConfigurationIsVisible = 0;
			defaultConfigurationName = Release;
		};
		975D468622D3FD0100BC25CC /* Build configuration list for PBXNativeTarget "instagram-laurenUITests" */ = {
			isa = XCConfigurationList;
			buildConfigurations = (
				975D468722D3FD0100BC25CC /* Debug */,
				975D468822D3FD0100BC25CC /* Release */,
			);
			defaultConfigurationIsVisible = 0;
			defaultConfigurationName = Release;
		};
/* End XCConfigurationList section */
	};
	rootObject = 975D464C22D3FD0000BC25CC /* Project object */;
}
